PODS:
  - FontBlaster (5.3.0)
  - IQKeyboardManagerSwift (7.1.1)
  - NVActivityIndicatorView (5.2.0):
    - NVActivityIndicatorView/Base (= 5.2.0)
  - NVActivityIndicatorView/Base (5.2.0)
  - PromiseKit (8.1.1):
    - PromiseKit/CorePromise (= 8.1.1)
    - PromiseKit/Foundation (= 8.1.1)
    - PromiseKit/UIKit (= 8.1.1)
  - PromiseKit/CorePromise (8.1.1)
  - PromiseKit/Foundation (8.1.1):
    - PromiseKit/CorePromise
  - PromiseKit/UIKit (8.1.1):
    - PromiseKit/CorePromise
  - SlideMenuControllerSwift (4.0.0)
  - SQLite.swift (0.15.3):
    - SQLite.swift/standard (= 0.15.3)
  - SQLite.swift/standard (0.15.3)
  - Toast-Swift (5.1.1)

DEPENDENCIES:
  - FontBlaster
  - IQKeyboardManagerSwift
  - NVActivityIndicatorView
  - PromiseKit
  - SlideMenuControllerSwift
  - SQLite.swift
  - Toast-Swift

SPEC REPOS:
  trunk:
    - FontBlaster
    - IQKeyboardManagerSwift
    - NVActivityIndicatorView
    - PromiseKit
    - SlideMenuControllerSwift
    - SQLite.swift
    - Toast-Swift

SPEC CHECKSUMS:
  FontBlaster: 941f89d735a29e1c7d24e7a90d3e16939ef1609a
  IQKeyboardManagerSwift: d7f3d3a562c237a0e7335e657cd598c452f57f1b
  NVActivityIndicatorView: fe52a6a68664c2df8991d7d9e3d86d8d19453c53
  PromiseKit: d1be44b474e5acfa16adf007a1f49f104e10fead
  SlideMenuControllerSwift: 021d6318201c53d4d4d3710517d43d6c556c7dd0
  SQLite.swift: 8d054987f02728cc912b0eb5a9659650573a65a2
  Toast-Swift: 7a03a532afe3a560d4044bc7c237e2864d295173

PODFILE CHECKSUM: ca566544c9c16b55714844a5418a82b8934efe22

COCOAPODS: 1.15.2
